
Microsoft Visual Studio Solution File, Format Version 12.00
# Visual Studio Version 17
VisualStudioVersion = 17.7.34031.279
MinimumVisualStudioVersion = 10.0.40219.1
Project("{9A19103F-16F7-4668-BE54-9A1E7A4F7556}") = "GeneratorBackend", "GeneratorBackend\GeneratorBackend.csproj", "{F361E0ED-5193-4769-853C-798394B2ECBF}"
EndProject
Project("{9A19103F-16F7-4668-BE54-9A1E7A4F7556}") = "HereToSlay", "HereToSlay\HereToSlay.csproj", "{1BB2DF6C-3DC7-43D7-964F-6F2353AD5A0E}"
	ProjectSection(ProjectDependencies) = postProject
		{F361E0ED-5193-4769-853C-798394B2ECBF} = {F361E0ED-5193-4769-853C-798394B2ECBF}
	EndProjectSection
EndProject
Global
	GlobalSection(SolutionConfigurationPlatforms) = preSolution
		Debug|Any CPU = Debug|Any CPU
		Release|Any CPU = Release|Any CPU
	EndGlobalSection
	GlobalSection(ProjectConfigurationPlatforms) = postSolution
		{F361E0ED-5193-4769-853C-798394B2ECBF}.Debug|Any CPU.ActiveCfg = Debug|Any CPU
		{F361E0ED-5193-4769-853C-798394B2ECBF}.Debug|Any CPU.Build.0 = Debug|Any CPU
		{F361E0ED-5193-4769-853C-798394B2ECBF}.Release|Any CPU.ActiveCfg = Release|Any CPU
		{F361E0ED-5193-4769-853C-798394B2ECBF}.Release|Any CPU.Build.0 = Release|Any CPU
		{1BB2DF6C-3DC7-43D7-964F-6F2353AD5A0E}.Debug|Any CPU.ActiveCfg = Debug|Any CPU
		{1BB2DF6C-3DC7-43D7-964F-6F2353AD5A0E}.Debug|Any CPU.Build.0 = Debug|Any CPU
		{1BB2DF6C-3DC7-43D7-964F-6F2353AD5A0E}.Release|Any CPU.ActiveCfg = Release|Any CPU
		{1BB2DF6C-3DC7-43D7-964F-6F2353AD5A0E}.Release|Any CPU.Build.0 = Release|Any CPU
	EndGlobalSection
	GlobalSection(SolutionProperties) = preSolution
		HideSolutionNode = FALSE
	EndGlobalSection
	GlobalSection(ExtensibilityGlobals) = postSolution
		SolutionGuid = {B21ACAE4-8398-4AD4-88D1-40B067175F2E}
	EndGlobalSection
EndGlobal
